
Microsoft Visual Studio Solution File, Format Version 12.00
# Visual Studio 15
VisualStudioVersion = 15.0.28307.902
MinimumVisualStudioVersion = 10.0.40219.1
Project("{159641D6-6404-4A2A-AE62-294DE0FE8301}") = "CSSF", "CSSF\CSSF.dtproj", "{A02DB512-BDEE-4E79-92F8-A5E4DEF64E4A}"
EndProject
Global
	GlobalSection(SolutionConfigurationPlatforms) = preSolution
		Development|Default = Development|Default
	EndGlobalSection
	GlobalSection(ProjectConfigurationPlatforms) = postSolution
		{A02DB512-BDEE-4E79-92F8-A5E4DEF64E4A}.Development|Default.ActiveCfg = Development
		{A02DB512-BDEE-4E79-92F8-A5E4DEF64E4A}.Development|Default.Build.0 = Development
	EndGlobalSection
	GlobalSection(SolutionProperties) = preSolution
		HideSolutionNode = FALSE
	EndGlobalSection
	GlobalSection(ExtensibilityGlobals) = postSolution
		SolutionGuid = {6A837BC1-0D98-4593-8462-87F305F78C16}
	EndGlobalSection
EndGlobal
